Microsoft Visual Studio Solution File, Format Version 12.00
# Visual Studio Version 17
VisualStudioVersion = 17.5.2.0
MinimumVisualStudioVersion = 10.0.40219.1
Project("{FAE04EC0-301F-11D3-BF4B-00C04F79EFBC}") = "Moore_Rolodex_Lab_Week1", "Moore_Rolodex_Lab_Week1.csproj", "{5FF21412-C58D-8C73-92B4-20D2FB96BC0A}"
EndProject
Global
	GlobalSection(SolutionConfigurationPlatforms) = preSolution
		Debug|Any CPU = Debug|Any CPU
		Release|Any CPU = Release|Any CPU
	EndGlobalSection
	GlobalSection(ProjectConfigurationPlatforms) = postSolution
		{5FF21412-C58D-8C73-92B4-20D2FB96BC0A}.Debug|Any CPU.ActiveCfg = Debug|Any CPU
		{5FF21412-C58D-8C73-92B4-20D2FB96BC0A}.Debug|Any CPU.Build.0 = Debug|Any CPU
		{5FF21412-C58D-8C73-92B4-20D2FB96BC0A}.Release|Any CPU.ActiveCfg = Release|Any CPU
		{5FF21412-C58D-8C73-92B4-20D2FB96BC0A}.Release|Any CPU.Build.0 = Release|Any CPU
	EndGlobalSection
	GlobalSection(SolutionProperties) = preSolution
		HideSolutionNode = FALSE
	EndGlobalSection
	GlobalSection(ExtensibilityGlobals) = postSolution
		SolutionGuid = {06C6EF37-64CE-443D-86D4-FCA0A65CBC32}
	EndGlobalSection
EndGlobal
